
Microsoft Visual Studio Solution File, Format Version 12.00
# Visual Studio Version 17
VisualStudioVersion = 17.11.35312.102
MinimumVisualStudioVersion = 10.0.40219.1
Project("{9A19103F-16F7-4668-BE54-9A1E7A4F7556}") = "dotnet-service", "dotnet-service.csproj", "{761320C5-7B92-4CBF-848C-57991314322A}"
EndProject
Global
	GlobalSection(SolutionConfigurationPlatforms) = preSolution
		Debug|Any CPU = Debug|Any CPU
		Release|Any CPU = Release|Any CPU
	EndGlobalSection
	GlobalSection(ProjectConfigurationPlatforms) = postSolution
		{761320C5-7B92-4CBF-848C-57991314322A}.Debug|Any CPU.ActiveCfg = Debug|Any CPU
		{761320C5-7B92-4CBF-848C-57991314322A}.Debug|Any CPU.Build.0 = Debug|Any CPU
		{761320C5-7B92-4CBF-848C-57991314322A}.Release|Any CPU.ActiveCfg = Release|Any CPU
		{761320C5-7B92-4CBF-848C-57991314322A}.Release|Any CPU.Build.0 = Release|Any CPU
	EndGlobalSection
	GlobalSection(SolutionProperties) = preSolution
		HideSolutionNode = FALSE
	EndGlobalSection
	GlobalSection(ExtensibilityGlobals) = postSolution
		SolutionGuid = {B422847D-90C6-4CB0-B40C-6F9E24B38588}
	EndGlobalSection
EndGlobal
